// !$*UTF8*$!
{
	archiveVersion = 1;
	classes = {
	};
	objectVersion = 50;
	objects = {

/* Begin PBXBuildFile section */
		1845EA0B23DF1CC5002E78DD /* AppDelegate.swift in Sources */ = {isa = PBXBuildFile; fileRef = 1845EA0A23DF1CC5002E78DD /* AppDelegate.swift */; };
		1845EA0D23DF1CC5002E78DD /* SceneDelegate.swift in Sources */ = {isa = PBXBuildFile; fileRef = 1845EA0C23DF1CC5002E78DD /* SceneDelegate.swift */; };
		1845EA0F23DF1CC5002E78DD /* ContentView.swift in Sources */ = {isa = PBXBuildFile; fileRef = 1845EA0E23DF1CC5002E78DD /* ContentView.swift */; };
		1845EA1123DF1CCA002E78DD /* Assets.xcassets in Resources */ = {isa = PBXBuildFile; fileRef = 1845EA1023DF1CCA002E78DD /* Assets.xcassets */; };
		1845EA1423DF1CCA002E78DD /* Preview Assets.xcassets in Resources */ = {isa = PBXBuildFile; fileRef = 1845EA1323DF1CCA002E78DD /* Preview Assets.xcassets */; };
		1845EA1723DF1CCA002E78DD /* LaunchScreen.storyboard in Resources */ = {isa = PBXBuildFile; fileRef = 1845EA1523DF1CCA002E78DD /* LaunchScreen.storyboard */; };
		1845EA2223DF1CCA002E78DD /* demoTests.swift in Sources */ = {isa = PBXBuildFile; fileRef = 1845EA2123DF1CCA002E78DD /* demoTests.swift */; };
		1845EA2D23DF1CCA002E78DD /* demoUITests.swift in Sources */ = {isa = PBXBuildFile; fileRef = 1845EA2C23DF1CCA002E78DD /* demoUITests.swift */; };
/* End PBXBuildFile section */

/* Begin PBXContainerItemProxy section */
		1845EA1E23DF1CCA002E78DD /* PBXContainerItemProxy */ = {
			isa = PBXContainerItemProxy;
			containerPortal = 1845E9FF23DF1CC5002E78DD /* Project object */;
			proxyType = 1;
			remoteGlobalIDString = 1845EA0623DF1CC5002E78DD;
			remoteInfo = demo;
		};
		1845EA2923DF1CCA002E78DD /* PBXContainerItemProxy */ = {
			isa = PBXContainerItemProxy;
			containerPortal = 1845E9FF23DF1CC5002E78DD /* Project object */;
			proxyType = 1;
			remoteGlobalIDString = 1845EA0623DF1CC5002E78DD;
			remoteInfo = demo;
		};
/* End PBXContainerItemProxy section */

/* Begin PBXFileReference section */
		1845EA0723DF1CC5002E78DD /* demo.app */ = {isa = PBXFileReference; explicitFileType = wrapper.application; includeInIndex = 0; path = demo.app; sourceTree = BUILT_PRODUCTS_DIR; };
		1845EA0A23DF1CC5002E78DD /* AppDelegate.swift */ = {isa = PBXFileReference; lastKnownFileType = sourcecode.swift; path = AppDelegate.swift; sourceTree = "<group>"; };
		1845EA0C23DF1CC5002E78DD /* SceneDelegate.swift */ = {isa = PBXFileReference; lastKnownFileType = sourcecode.swift; path = SceneDelegate.swift; sourceTree = "<group>"; };
		1845EA0E23DF1CC5002E78DD /* ContentView.swift */ = {isa = PBXFileReference; lastKnownFileType = sourcecode.swift; path = ContentView.swift; sourceTree = "<group>"; };
		1845EA1023DF1CCA002E78DD /* Assets.xcassets */ = {isa = PBXFileReference; lastKnownFileType = folder.assetcatalog; path = Assets.xcassets; sourceTree = "<group>"; };
		1845EA1323DF1CCA002E78DD /* Preview Assets.xcassets */ = {isa = PBXFileReference; lastKnownFileType = folder.assetcatalog; path = "Preview Assets.xcassets"; sourceTree = "<group>"; };
		1845EA1623DF1CCA002E78DD /* Base */ = {isa = PBXFileReference; lastKnownFileType = file.storyboard; name = Base; path = Base.lproj/LaunchScreen.storyboard; sourceTree = "<group>"; };
		1845EA1823DF1CCA002E78DD /* Info.plist */ = {isa = PBXFileReference; lastKnownFileType = text.plist.xml; path = Info.plist; sourceTree = "<group>"; };
		1845EA1D23DF1CCA002E78DD /* demoTests.xctest */ = {isa = PBXFileReference; explicitFileType = wrapper.cfbundle; includeInIndex = 0; path = demoTests.xctest; sourceTree = BUILT_PRODUCTS_DIR; };
		1845EA2123DF1CCA002E78DD /* demoTests.swift */ = {isa = PBXFileReference; lastKnownFileType = sourcecode.swift; path = demoTests.swift; sourceTree = "<group>"; };
		1845EA2323DF1CCA002E78DD /* Info.plist */ = {isa = PBXFileReference; lastKnownFileType = text.plist.xml; path = Info.plist; sourceTree = "<group>"; };
		1845EA2823DF1CCA002E78DD /* demoUITests.xctest */ = {isa = PBXFileReference; explicitFileType = wrapper.cfbundle; includeInIndex = 0; path = demoUITests.xctest; sourceTree = BUILT_PRODUCTS_DIR; };
		1845EA2C23DF1CCA002E78DD /* demoUITests.swift */ = {isa = PBXFileReference; lastKnownFileType = sourcecode.swift; path = demoUITests.swift; sourceTree = "<group>"; };
		1845EA2E23DF1CCA002E78DD /* Info.plist */ = {isa = PBXFileReference; lastKnownFileType = text.plist.xml; path = Info.plist; sourceTree = "<group>"; };
/* End PBXFileReference section */

/* Begin PBXFrameworksBuildPhase section */
		1845EA0423DF1CC5002E78DD /* Frameworks */ = {
			isa = PBXFrameworksBuildPhase;
			buildActionMask = 2147483647;
			files = (
			);
			runOnlyForDeploymentPostprocessing = 0;
		};
		1845EA1A23DF1CCA002E78DD /* Frameworks */ = {
			isa = PBXFrameworksBuildPhase;
			buildActionMask = 2147483647;
			files = (
			);
			runOnlyForDeploymentPostprocessing = 0;
		};
		1845EA2523DF1CCA002E78DD /* Frameworks */ = {
			isa = PBXFrameworksBuildPhase;
			buildActionMask = 2147483647;
			files = (
			);
			runOnlyForDeploymentPostprocessing = 0;
		};
/* End PBXFrameworksBuildPhase section */

/* Begin PBXGroup section */
		1845E9FE23DF1CC5002E78DD = {
			isa = PBXGroup;
			children = (
				1845EA0923DF1CC5002E78DD /* demo */,
				1845EA2023DF1CCA002E78DD /* demoTests */,
				1845EA2B23DF1CCA002E78DD /* demoUITests */,
				1845EA0823DF1CC5002E78DD /* Products */,
			);
			sourceTree = "<group>";
		};
		1845EA0823DF1CC5002E78DD /* Products */ = {
			isa = PBXGroup;
			children = (
				1845EA0723DF1CC5002E78DD /* demo.app */,
				1845EA1D23DF1CCA002E78DD /* demoTests.xctest */,
				1845EA2823DF1CCA002E78DD /* demoUITests.xctest */,
			);
			name = Products;
			sourceTree = "<group>";
		};
		1845EA0923DF1CC5002E78DD /* demo */ = {
			isa = PBXGroup;
			children = (
				1845EA0A23DF1CC5002E78DD /* AppDelegate.swift */,
				1845EA0C23DF1CC5002E78DD /* SceneDelegate.swift */,
				1845EA0E23DF1CC5002E78DD /* ContentView.swift */,
				1845EA1023DF1CCA002E78DD /* Assets.xcassets */,
				1845EA1523DF1CCA002E78DD /* LaunchScreen.storyboard */,
				1845EA1823DF1CCA002E78DD /* Info.plist */,
				1845EA1223DF1CCA002E78DD /* Preview Content */,
			);
			path = demo;
			sourceTree = "<group>";
		};
		1845EA1223DF1CCA002E78DD /* Preview Content */ = {
			isa = PBXGroup;
			children = (
				1845EA1323DF1CCA002E78DD /* Preview Assets.xcassets */,
			);
			path = "Preview Content";
			sourceTree = "<group>";
		};
		1845EA2023DF1CCA002E78DD /* demoTests */ = {
			isa = PBXGroup;
			children = (
				1845EA2123DF1CCA002E78DD /* demoTests.swift */,
				1845EA2323DF1CCA002E78DD /* Info.plist */,
			);
			path = demoTests;
			sourceTree = "<group>";
		};
		1845EA2B23DF1CCA002E78DD /* demoUITests */ = {
			isa = PBXGroup;
			children = (
				1845EA2C23DF1CCA002E78DD /* demoUITests.swift */,
				1845EA2E23DF1CCA002E78DD /* Info.plist */,
			);
			path = demoUITests;
			sourceTree = "<group>";
		};
/* End PBXGroup section */

/* Begin PBXNativeTarget section */
		1845EA0623DF1CC5002E78DD /* demo */ = {
			isa = PBXNativeTarget;
			buildConfigurationList = 1845EA3123DF1CCA002E78DD /* Build configuration list for PBXNativeTarget "demo" */;
			buildPhases = (
				1845EA0323DF1CC5002E78DD /* Sources */,
				1845EA0423DF1CC5002E78DD /* Frameworks */,
				1845EA0523DF1CC5002E78DD /* Resources */,
			);
			buildRules = (
			);
			dependencies = (
			);
			name = demo;
			productName = demo;
			productReference = 1845EA0723DF1CC5002E78DD /* demo.app */;
			productType = "com.apple.product-type.application";
		};
		1845EA1C23DF1CCA002E78DD /* demoTests */ = {
			isa = PBXNativeTarget;
			buildConfigurationList = 1845EA3423DF1CCA002E78DD /* Build configuration list for PBXNativeTarget "demoTests" */;
			buildPhases = (
				1845EA1923DF1CCA002E78DD /* Sources */,
				1845EA1A23DF1CCA002E78DD /* Frameworks */,
				1845EA1B23DF1CCA002E78DD /* Resources */,
			);
			buildRules = (
			);
			dependencies = (
				1845EA1F23DF1CCA002E78DD /* PBXTargetDependency */,
			);
			name = demoTests;
			productName = demoTests;
			productReference = 1845EA1D23DF1CCA002E78DD /* demoTests.xctest */;
			productType = "com.apple.product-type.bundle.unit-test";
		};
		1845EA2723DF1CCA002E78DD /* demoUITests */ = {
			isa = PBXNativeTarget;
			buildConfigurationList = 1845EA3723DF1CCA002E78DD /* Build configuration list for PBXNativeTarget "demoUITests" */;
			buildPhases = (
				1845EA2423DF1CCA002E78DD /* Sources */,
				1845EA2523DF1CCA002E78DD /* Frameworks */,
				1845EA2623DF1CCA002E78DD /* Resources */,
			);
			buildRules = (
			);
			dependencies = (
				1845EA2A23DF1CCA002E78DD /* PBXTargetDependency */,
			);
			name = demoUITests;
			productName = demoUITests;
			productReference = 1845EA2823DF1CCA002E78DD /* demoUITests.xctest */;
			productType = "com.apple.product-type.bundle.ui-testing";
		};
/* End PBXNativeTarget section */

/* Begin PBXProject section */
		1845E9FF23DF1CC5002E78DD /* Project object */ = {
			isa = PBXProject;
			attributes = {
				LastSwiftUpdateCheck = 1130;
				LastUpgradeCheck = 1130;
				ORGANIZATIONNAME = leo;
				TargetAttributes = {
					1845EA0623DF1CC5002E78DD = {
						CreatedOnToolsVersion = 11.3.1;
					};
					1845EA1C23DF1CCA002E78DD = {
						CreatedOnToolsVersion = 11.3.1;
						TestTargetID = 1845EA0623DF1CC5002E78DD;
					};
					1845EA2723DF1CCA002E78DD = {
						CreatedOnToolsVersion = 11.3.1;
						TestTargetID = 1845EA0623DF1CC5002E78DD;
					};
				};
			};
			buildConfigurationList = 1845EA0223DF1CC5002E78DD /* Build configuration list for PBXProject "demo" */;
			compatibilityVersion = "Xcode 9.3";
			developmentRegion = en;
			hasScannedForEncodings = 0;
			knownRegions = (
				en,
				Base,
			);
			mainGroup = 1845E9FE23DF1CC5002E78DD;
			productRefGroup = 1845EA0823DF1CC5002E78DD /* Products */;
			projectDirPath = "";
			projectRoot = "";
			targets = (
				1845EA0623DF1CC5002E78DD /* demo */,
				1845EA1C23DF1CCA002E78DD /* demoTests */,
				1845EA2723DF1CCA002E78DD /* demoUITests */,
			);
		};
/* End PBXProject section */

/* Begin PBXResourcesBuildPhase section */
		1845EA0523DF1CC5002E78DD /* Resources */ = {
			isa = PBXResourcesBuildPhase;
			buildActionMask = 2147483647;
			files = (
				1845EA1723DF1CCA002E78DD /* LaunchScreen.storyboard in Resources */,
				1845EA1423DF1CCA002E78DD /* Preview Assets.xcassets in Resources */,
				1845EA1123DF1CCA002E78DD /* Assets.xcassets in Resources */,
			);
			runOnlyForDeploymentPostprocessing = 0;
		};
		1845EA1B23DF1CCA002E78DD /* Resources */ = {
			isa = PBXResourcesBuildPhase;
			buildActionMask = 2147483647;
			files = (
			);
			runOnlyForDeploymentPostprocessing = 0;
		};
		1845EA2623DF1CCA002E78DD /* Resources */ = {
			isa = PBXResourcesBuildPhase;
			buildActionMask = 2147483647;
			files = (
			);
			runOnlyForDeploymentPostprocessing = 0;
		};
/* End PBXResourcesBuildPhase section */

/* Begin PBXSourcesBuildPhase section */
		1845EA0323DF1CC5002E78DD /* Sources */ = {
			isa = PBXSourcesBuildPhase;
			buildActionMask = 2147483647;
			files = (
				1845EA0B23DF1CC5002E78DD /* AppDelegate.swift in Sources */,
				1845EA0D23DF1CC5002E78DD /* SceneDelegate.swift in Sources */,
				1845EA0F23DF1CC5002E78DD /* ContentView.swift in Sources */,
			);
			runOnlyForDeploymentPostprocessing = 0;
		};
		1845EA1923DF1CCA002E78DD /* Sources */ = {
			isa = PBXSourcesBuildPhase;
			buildActionMask = 2147483647;
			files = (
				1845EA2223DF1CCA002E78DD /* demoTests.swift in Sources */,
			);
			runOnlyForDeploymentPostprocessing = 0;
		};
		1845EA2423DF1CCA002E78DD /* Sources */ = {
			isa = PBXSourcesBuildPhase;
			buildActionMask = 2147483647;
			files = (
				1845EA2D23DF1CCA002E78DD /* demoUITests.swift in Sources */,
			);
			runOnlyForDeploymentPostprocessing = 0;
		};
/* End PBXSourcesBuildPhase section */

/* Begin PBXTargetDependency section */
		1845EA1F23DF1CCA002E78DD /* PBXTargetDependency */ = {
			isa = PBXTargetDependency;
			target = 1845EA0623DF1CC5002E78DD /* demo */;
			targetProxy = 1845EA1E23DF1CCA002E78DD /* PBXContainerItemProxy */;
		};
		1845EA2A23DF1CCA002E78DD /* PBXTargetDependency */ = {
			isa = PBXTargetDependency;
			target = 1845EA0623DF1CC5002E78DD /* demo */;
			targetProxy = 1845EA2923DF1CCA002E78DD /* PBXContainerItemProxy */;
		};
/* End PBXTargetDependency section */

/* Begin PBXVariantGroup section */
		1845EA1523DF1CCA002E78DD /* LaunchScreen.storyboard */ = {
			isa = PBXVariantGroup;
			children = (
				1845EA1623DF1CCA002E78DD /* Base */,
			);
			name = LaunchScreen.storyboard;
			sourceTree = "<group>";
		};
/* End PBXVariantGroup section */

/* Begin XCBuildConfiguration section */
		1845EA2F23DF1CCA002E78DD /* Debug */ = {
			isa = XCBuildConfiguration;
			buildSettings = {
				ALWAYS_SEARCH_USER_PATHS = NO;
				CLANG_ANALYZER_NONNULL = YES;
				CLANG_ANALYZER_NUMBER_OBJECT_CONVERSION = YES_AGGRESSIVE;
				CLANG_CXX_LANGUAGE_STANDARD = "gnu++14";
				CLANG_CXX_LIBRARY = "libc++";
				CLANG_ENABLE_MODULES = YES;
				CLANG_ENABLE_OBJC_ARC = YES;
				CLANG_ENABLE_OBJC_WEAK = YES;
				CLANG_WARN_BLOCK_CAPTURE_AUTORELEASING = YES;
				CLANG_WARN_BOOL_CONVERSION = YES;
				CLANG_WARN_COMMA = YES;
				CLANG_WARN_CONSTANT_CONVERSION = YES;
				CLANG_WARN_DEPRECATED_OBJC_IMPLEMENTATIONS = YES;
				CLANG_WARN_DIRECT_OBJC_ISA_USAGE = YES_ERROR;
				CLANG_WARN_DOCUMENTATION_COMMENTS = YES;
				CLANG_WARN_EMPTY_BODY = YES;
				CLANG_WARN_ENUM_CONVERSION = YES;
				CLANG_WARN_INFINITE_RECURSION = YES;
				CLANG_WARN_INT_CONVERSION = YES;
				CLANG_WARN_NON_LITERAL_NULL_CONVERSION = YES;
				CLANG_WARN_OBJC_IMPLICIT_RETAIN_SELF = YES;
				CLANG_WARN_OBJC_LITERAL_CONVERSION = YES;
				CLANG_WARN_OBJC_ROOT_CLASS = YES_ERROR;
				CLANG_WARN_RANGE_LOOP_ANALYSIS = YES;
				CLANG_WARN_STRICT_PROTOTYPES = YES;
				CLANG_WARN_SUSPICIOUS_MOVE = YES;
				CLANG_WARN_UNGUARDED_AVAILABILITY = YES_AGGRESSIVE;
				CLANG_WARN_UNREACHABLE_CODE = YES;
				CLANG_WARN__DUPLICATE_METHOD_MATCH = YES;
				COPY_PHASE_STRIP = NO;
				DEBUG_INFORMATION_FORMAT = dwarf;
				ENABLE_STRICT_OBJC_MSGSEND = YES;
				ENABLE_TESTABILITY = YES;
				GCC_C_LANGUAGE_STANDARD = gnu11;
				GCC_DYNAMIC_NO_PIC = NO;
				GCC_NO_COMMON_BLOCKS = YES;
				GCC_OPTIMIZATION_LEVEL = 0;
				GCC_PREPROCESSOR_DEFINITIONS = (
					"DEBUG=1",
					"$(inherited)",
				);
				GCC_WARN_64_TO_32_BIT_CONVERSION = YES;
				GCC_WARN_ABOUT_RETURN_TYPE = YES_ERROR;
				GCC_WARN_UNDECLARED_SELECTOR = YES;
				GCC_WARN_UNINITIALIZED_AUTOS = YES_AGGRESSIVE;
				GCC_WARN_UNUSED_FUNCTION = YES;
				GCC_WARN_UNUSED_VARIABLE = YES;
				IPHONEOS_DEPLOYMENT_TARGET = 13.2;
				MTL_ENABLE_DEBUG_INFO = INCLUDE_SOURCE;
				MTL_FAST_MATH = YES;
				ONLY_ACTIVE_ARCH = YES;
				SDKROOT = iphoneos;
				SWIFT_ACTIVE_COMPILATION_CONDITIONS = DEBUG;
				SWIFT_OPTIMIZATION_LEVEL = "-Onone";
			};
			name = Debug;
		};
		1845EA3023DF1CCA002E78DD /* Release */ = {
			isa = XCBuildConfiguration;
			buildSettings = {
				ALWAYS_SEARCH_USER_PATHS = NO;
				CLANG_ANALYZER_NONNULL = YES;
				CLANG_ANALYZER_NUMBER_OBJECT_CONVERSION = YES_AGGRESSIVE;
				CLANG_CXX_LANGUAGE_STANDARD = "gnu++14";
				CLANG_CXX_LIBRARY = "libc++";
				CLANG_ENABLE_MODULES = YES;
				CLANG_ENABLE_OBJC_ARC = YES;
				CLANG_ENABLE_OBJC_WEAK = YES;
				CLANG_WARN_BLOCK_CAPTURE_AUTORELEASING = YES;
				CLANG_WARN_BOOL_CONVERSION = YES;
				CLANG_WARN_COMMA = YES;
				CLANG_WARN_CONSTANT_CONVERSION = YES;
				CLANG_WARN_DEPRECATED_OBJC_IMPLEMENTATIONS = YES;
				CLANG_WARN_DIRECT_OBJC_ISA_USAGE = YES_ERROR;
				CLANG_WARN_DOCUMENTATION_COMMENTS = YES;
				CLANG_WARN_EMPTY_BODY = YES;
				CLANG_WARN_ENUM_CONVERSION = YES;
				CLANG_WARN_INFINITE_RECURSION = YES;
				CLANG_WARN_INT_CONVERSION = YES;
				CLANG_WARN_NON_LITERAL_NULL_CONVERSION = YES;
				CLANG_WARN_OBJC_IMPLICIT_RETAIN_SELF = YES;
				CLANG_WARN_OBJC_LITERAL_CONVERSION = YES;
				CLANG_WARN_OBJC_ROOT_CLASS = YES_ERROR;
				CLANG_WARN_RANGE_LOOP_ANALYSIS = YES;
				CLANG_WARN_STRICT_PROTOTYPES = YES;
				CLANG_WARN_SUSPICIOUS_MOVE = YES;
				CLANG_WARN_UNGUARDED_AVAILABILITY = YES_AGGRESSIVE;
				CLANG_WARN_UNREACHABLE_CODE = YES;
				CLANG_WARN__DUPLICATE_METHOD_MATCH = YES;
				COPY_PHASE_STRIP = NO;
				DEBUG_INFORMATION_FORMAT = "dwarf-with-dsym";
				ENABLE_NS_ASSERTIONS = NO;
				ENABLE_STRICT_OBJC_MSGSEND = YES;
				GCC_C_LANGUAGE_STANDARD = gnu11;
				GCC_NO_COMMON_BLOCKS = YES;
				GCC_WARN_64_TO_32_BIT_CONVERSION = YES;
				GCC_WARN_ABOUT_RETURN_TYPE = YES_ERROR;
				GCC_WARN_UNDECLARED_SELECTOR = YES;
				GCC_WARN_UNINITIALIZED_AUTOS = YES_AGGRESSIVE;
				GCC_WARN_UNUSED_FUNCTION = YES;
				GCC_WARN_UNUSED_VARIABLE = YES;
				IPHONEOS_DEPLOYMENT_TARGET = 13.2;
				MTL_ENABLE_DEBUG_INFO = NO;
				MTL_FAST_MATH = YES;
				SDKROOT = iphoneos;
				SWIFT_COMPILATION_MODE = wholemodule;
				SWIFT_OPTIMIZATION_LEVEL = "-O";
				VALIDATE_PRODUCT = YES;
			};
			name = Release;
		};
		1845EA3223DF1CCA002E78DD /* Debug */ = {
			isa = XCBuildConfiguration;
			buildSettings = {
				ASSETCATALOG_COMPILER_APPICON_NAME = AppIcon;
				CODE_SIGN_STYLE = Automatic;
				DEVELOPMENT_ASSET_PATHS = "\"demo/Preview Content\"";
				ENABLE_PREVIEWS = YES;
				INFOPLIST_FILE = demo/Info.plist;
				LD_RUNPATH_SEARCH_PATHS = (
					"$(inherited)",
					"@executable_path/Frameworks",
				);
				PRODUCT_BUNDLE_IDENTIFIER = wolfcode.demo;
				PRODUCT_NAME = "$(TARGET_NAME)";
				SWIFT_VERSION = 5.0;
				TARGETED_DEVICE_FAMILY = "1,2";
			};
			name = Debug;
		};
		1845EA3323DF1CCA002E78DD /* Release */ = {
			isa = XCBuildConfiguration;
			buildSettings = {
				ASSETCATALOG_COMPILER_APPICON_NAME = AppIcon;
				CODE_SIGN_STYLE = Automatic;
				DEVELOPMENT_ASSET_PATHS = "\"demo/Preview Content\"";
				ENABLE_PREVIEWS = YES;
				INFOPLIST_FILE = demo/Info.plist;
				LD_RUNPATH_SEARCH_PATHS = (
					"$(inherited)",
					"@executable_path/Frameworks",
				);
				PRODUCT_BUNDLE_IDENTIFIER = wolfcode.demo;
				PRODUCT_NAME = "$(TARGET_NAME)";
				SWIFT_VERSION = 5.0;
				TARGETED_DEVICE_FAMILY = "1,2";
			};
			name = Release;
		};
		1845EA3523DF1CCA002E78DD /* Debug */ = {
			isa = XCBuildConfiguration;
			buildSettings = {
				ALWAYS_EMBED_SWIFT_STANDARD_LIBRARIES = YES;
				BUNDLE_LOADER = "$(TEST_HOST)";
				CODE_SIGN_STYLE = Automatic;
				INFOPLIST_FILE = demoTests/Info.plist;
				IPHONEOS_DEPLOYMENT_TARGET = 13.2;
				LD_RUNPATH_SEARCH_PATHS = (
					"$(inherited)",
					"@executable_path/Frameworks",
					"@loader_path/Frameworks",
				);
				PRODUCT_BUNDLE_IDENTIFIER = wolfcode.demoTests;
				PRODUCT_NAME = "$(TARGET_NAME)";
				SWIFT_VERSION = 5.0;
				TARGETED_DEVICE_FAMILY = "1,2";
				TEST_HOST = "$(BUILT_PRODUCTS_DIR)/demo.app/demo";
			};
			name = Debug;
		};
		1845EA3623DF1CCA002E78DD /* Release */ = {
			isa = XCBuildConfiguration;
			buildSettings = {
				ALWAYS_EMBED_SWIFT_STANDARD_LIBRARIES = YES;
				BUNDLE_LOADER = "$(TEST_HOST)";
				CODE_SIGN_STYLE = Automatic;
				INFOPLIST_FILE = demoTests/Info.plist;
				IPHONEOS_DEPLOYMENT_TARGET = 13.2;
				LD_RUNPATH_SEARCH_PATHS = (
					"$(inherited)",
					"@executable_path/Frameworks",
					"@loader_path/Frameworks",
				);
				PRODUCT_BUNDLE_IDENTIFIER = wolfcode.demoTests;
				PRODUCT_NAME = "$(TARGET_NAME)";
				SWIFT_VERSION = 5.0;
				TARGETED_DEVICE_FAMILY = "1,2";
				TEST_HOST = "$(BUILT_PRODUCTS_DIR)/demo.app/demo";
			};
			name = Release;
		};
		1845EA3823DF1CCA002E78DD /* Debug */ = {
			isa = XCBuildConfiguration;
			buildSettings = {
				ALWAYS_EMBED_SWIFT_STANDARD_LIBRARIES = YES;
				CODE_SIGN_STYLE = Automatic;
				INFOPLIST_FILE = demoUITests/Info.plist;
				LD_RUNPATH_SEARCH_PATHS = (
					"$(inherited)",
					"@executable_path/Frameworks",
					"@loader_path/Frameworks",
				);
				PRODUCT_BUNDLE_IDENTIFIER = wolfcode.demoUITests;
				PRODUCT_NAME = "$(TARGET_NAME)";
				SWIFT_VERSION = 5.0;
				TARGETED_DEVICE_FAMILY = "1,2";
				TEST_TARGET_NAME = demo;
			};
			name = Debug;
		};
		1845EA3923DF1CCA002E78DD /* Release */ = {
			isa = XCBuildConfiguration;
			buildSettings = {
				ALWAYS_EMBED_SWIFT_STANDARD_LIBRARIES = YES;
				CODE_SIGN_STYLE = Automatic;
				INFOPLIST_FILE = demoUITests/Info.plist;
				LD_RUNPATH_SEARCH_PATHS = (
					"$(inherited)",
					"@executable_path/Frameworks",
					"@loader_path/Frameworks",
				);
				PRODUCT_BUNDLE_IDENTIFIER = wolfcode.demoUITests;
				PRODUCT_NAME = "$(TARGET_NAME)";
				SWIFT_VERSION = 5.0;
				TARGETED_DEVICE_FAMILY = "1,2";
				TEST_TARGET_NAME = demo;
			};
			name = Release;
		};
/* End XCBuildConfiguration section */

/* Begin XCConfigurationList section */
		1845EA0223DF1CC5002E78DD /* Build configuration list for PBXProject "demo" */ = {
			isa = XCConfigurationList;
			buildConfigurations = (
				1845EA2F23DF1CCA002E78DD /* Debug */,
				1845EA3023DF1CCA002E78DD /* Release */,
			);
			defaultConfigurationIsVisible = 0;
			defaultConfigurationName = Release;
		};
		1845EA3123DF1CCA002E78DD /* Build configuration list for PBXNativeTarget "demo" */ = {
			isa = XCConfigurationList;
			buildConfigurations = (
				1845EA3223DF1CCA002E78DD /* Debug */,
				1845EA3323DF1CCA002E78DD /* Release */,
			);
			defaultConfigurationIsVisible = 0;
			defaultConfigurationName = Release;
		};
		1845EA3423DF1CCA002E78DD /* Build configuration list for PBXNativeTarget "demoTests" */ = {
			isa = XCConfigurationList;
			buildConfigurations = (
				1845EA3523DF1CCA002E78DD /* Debug */,
				1845EA3623DF1CCA002E78DD /* Release */,
			);
			defaultConfigurationIsVisible = 0;
			defaultConfigurationName = Release;
		};
		1845EA3723DF1CCA002E78DD /* Build configuration list for PBXNativeTarget "demoUITests" */ = {
			isa = XCConfigurationList;
			buildConfigurations = (
				1845EA3823DF1CCA002E78DD /* Debug */,
				1845EA3923DF1CCA002E78DD /* Release */,
			);
			defaultConfigurationIsVisible = 0;
			defaultConfigurationName = Release;
		};
/* End XCConfigurationList section */
	};
	rootObject = 1845E9FF23DF1CC5002E78DD /* Project object */;
}
